
Microsoft Visual Studio Solution File, Format Version 12.00
# Visual Studio Version 16
VisualStudioVersion = 16.0.30406.217
MinimumVisualStudioVersion = 10.0.40219.1
Project("{2150E333-8FDC-42A3-9474-1A3956D46DE8}") = "Framework", "Framework", "{8823042A-7C11-420D-8D17-DB1574B9050C}"
EndProject
Project("{2150E333-8FDC-42A3-9474-1A3956D46DE8}") = "App", "App", "{C5FC68DA-A937-4316-9FAE-4A39922A2B7B}"
EndProject
Project("{2150E333-8FDC-42A3-9474-1A3956D46DE8}") = "WPF", "WPF", "{58C46446-CD8E-40F2-9510-9D450F5DEB19}"
EndProject
Project("{2150E333-8FDC-42A3-9474-1A3956D46DE8}") = "Framework", "Framework", "{4840FC0F-3213-4B4C-B3F3-05A42AFE47C7}"
EndProject
Project("{2150E333-8FDC-42A3-9474-1A3956D46DE8}") = "Solution Items", "Solution Items", "{D4933E40-C055-475A-ACED-DE81E9AB39A9}"
	ProjectSection(SolutionItems) = preProject
		.editorconfig = .editorconfig
	EndProjectSection
EndProject
Project("{9A19103F-16F7-4668-BE54-9A1E7A4F7556}") = "CentroLink", "CentroLink\CentroLink.csproj", "{9BC7D93C-CC67-434B-ACB9-93E1CE7CAD54}"
EndProject
Project("{9A19103F-16F7-4668-BE54-9A1E7A4F7556}") = "Framework.Domain", "..\..\AppDev_CommonLite\Framework\Framework.Domain\Framework.Domain.csproj", "{F0AE6B14-BA4A-44FA-AF8F-3274372868E8}"
EndProject
Project("{9A19103F-16F7-4668-BE54-9A1E7A4F7556}") = "Framework.Core", "..\..\AppDev_CommonLite\Framework\Framework.Core\Framework.Core.csproj", "{0FCB23E8-88C3-4BB3-A6B8-56F7FB34F8B0}"
EndProject
Project("{9A19103F-16F7-4668-BE54-9A1E7A4F7556}") = "Framework.Infrastructure", "..\..\AppDev_CommonLite\Framework\Framework.Infrastructure\Framework.Infrastructure.csproj", "{02BE3830-0740-42BF-8F5C-CE5EE680F5A8}"
EndProject
Project("{9A19103F-16F7-4668-BE54-9A1E7A4F7556}") = "Framework.Infrastructure.Data", "..\..\AppDev_CommonLite\Framework\Framework.Infrastructure.Data\Framework.Infrastructure.Data.csproj", "{4923750A-B641-464D-893D-F47AE9CB76AA}"
EndProject
Project("{9A19103F-16F7-4668-BE54-9A1E7A4F7556}") = "Framework.Infrastructure.Identity", "..\..\AppDev_CommonLite\Framework\Framework.Infrastructure.Identity\Framework.Infrastructure.Identity.csproj", "{83D357B0-F61D-4883-A8D2-BD8B92AA2011}"
EndProject
Project("{9A19103F-16F7-4668-BE54-9A1E7A4F7556}") = "Framework.WPF", "..\..\AppDev_CommonLite\Framework\WPF\Framework.WPF\Framework.WPF.csproj", "{9BEFE299-2DA3-4567-B539-49B2BEC0433F}"
EndProject
Project("{9A19103F-16F7-4668-BE54-9A1E7A4F7556}") = "Framework.WPF.Modules", "..\..\AppDev_CommonLite\Framework\WPF\Framework.WPF.Modules\Framework.WPF.Modules.csproj", "{64E96C9E-DC2A-4456-852E-FCCB7C32E455}"
EndProject
Project("{9A19103F-16F7-4668-BE54-9A1E7A4F7556}") = "Framework.WPF.UI", "..\..\AppDev_CommonLite\Framework\WPF\Framework.WPF.UI\Framework.WPF.UI.csproj", "{5DADF75E-89EA-472F-80D4-6A42331E5ADF}"
EndProject
Project("{9A19103F-16F7-4668-BE54-9A1E7A4F7556}") = "Framework.WPF.UI.Theme", "..\..\AppDev_CommonLite\Framework\WPF\Framework.WPF.UI.Theme\Framework.WPF.UI.Theme.csproj", "{FF856D0B-0AF7-413C-9D97-D89C8A0085FF}"
EndProject
Global
	GlobalSection(SolutionConfigurationPlatforms) = preSolution
		Debug|Any CPU = Debug|Any CPU
		Release|Any CPU = Release|Any CPU
	EndGlobalSection
	GlobalSection(ProjectConfigurationPlatforms) = postSolution
		{9BC7D93C-CC67-434B-ACB9-93E1CE7CAD54}.Debug|Any CPU.ActiveCfg = Debug|Any CPU
		{9BC7D93C-CC67-434B-ACB9-93E1CE7CAD54}.Debug|Any CPU.Build.0 = Debug|Any CPU
		{9BC7D93C-CC67-434B-ACB9-93E1CE7CAD54}.Release|Any CPU.ActiveCfg = Release|Any CPU
		{9BC7D93C-CC67-434B-ACB9-93E1CE7CAD54}.Release|Any CPU.Build.0 = Release|Any CPU
		{F0AE6B14-BA4A-44FA-AF8F-3274372868E8}.Debug|Any CPU.ActiveCfg = Debug|Any CPU
		{F0AE6B14-BA4A-44FA-AF8F-3274372868E8}.Debug|Any CPU.Build.0 = Debug|Any CPU
		{F0AE6B14-BA4A-44FA-AF8F-3274372868E8}.Release|Any CPU.ActiveCfg = Release|Any CPU
		{F0AE6B14-BA4A-44FA-AF8F-3274372868E8}.Release|Any CPU.Build.0 = Release|Any CPU
		{0FCB23E8-88C3-4BB3-A6B8-56F7FB34F8B0}.Debug|Any CPU.ActiveCfg = Debug|Any CPU
		{0FCB23E8-88C3-4BB3-A6B8-56F7FB34F8B0}.Debug|Any CPU.Build.0 = Debug|Any CPU
		{0FCB23E8-88C3-4BB3-A6B8-56F7FB34F8B0}.Release|Any CPU.ActiveCfg = Release|Any CPU
		{0FCB23E8-88C3-4BB3-A6B8-56F7FB34F8B0}.Release|Any CPU.Build.0 = Release|Any CPU
		{02BE3830-0740-42BF-8F5C-CE5EE680F5A8}.Debug|Any CPU.ActiveCfg = Debug|Any CPU
		{02BE3830-0740-42BF-8F5C-CE5EE680F5A8}.Debug|Any CPU.Build.0 = Debug|Any CPU
		{02BE3830-0740-42BF-8F5C-CE5EE680F5A8}.Release|Any CPU.ActiveCfg = Release|Any CPU
		{02BE3830-0740-42BF-8F5C-CE5EE680F5A8}.Release|Any CPU.Build.0 = Release|Any CPU
		{4923750A-B641-464D-893D-F47AE9CB76AA}.Debug|Any CPU.ActiveCfg = Debug|Any CPU
		{4923750A-B641-464D-893D-F47AE9CB76AA}.Debug|Any CPU.Build.0 = Debug|Any CPU
		{4923750A-B641-464D-893D-F47AE9CB76AA}.Release|Any CPU.ActiveCfg = Release|Any CPU
		{4923750A-B641-464D-893D-F47AE9CB76AA}.Release|Any CPU.Build.0 = Release|Any CPU
		{83D357B0-F61D-4883-A8D2-BD8B92AA2011}.Debug|Any CPU.ActiveCfg = Debug|Any CPU
		{83D357B0-F61D-4883-A8D2-BD8B92AA2011}.Debug|Any CPU.Build.0 = Debug|Any CPU
		{83D357B0-F61D-4883-A8D2-BD8B92AA2011}.Release|Any CPU.ActiveCfg = Release|Any CPU
		{83D357B0-F61D-4883-A8D2-BD8B92AA2011}.Release|Any CPU.Build.0 = Release|Any CPU
		{9BEFE299-2DA3-4567-B539-49B2BEC0433F}.Debug|Any CPU.ActiveCfg = Debug|Any CPU
		{9BEFE299-2DA3-4567-B539-49B2BEC0433F}.Debug|Any CPU.Build.0 = Debug|Any CPU
		{9BEFE299-2DA3-4567-B539-49B2BEC0433F}.Release|Any CPU.ActiveCfg = Release|Any CPU
		{9BEFE299-2DA3-4567-B539-49B2BEC0433F}.Release|Any CPU.Build.0 = Release|Any CPU
		{64E96C9E-DC2A-4456-852E-FCCB7C32E455}.Debug|Any CPU.ActiveCfg = Debug|Any CPU
		{64E96C9E-DC2A-4456-852E-FCCB7C32E455}.Debug|Any CPU.Build.0 = Debug|Any CPU
		{64E96C9E-DC2A-4456-852E-FCCB7C32E455}.Release|Any CPU.ActiveCfg = Release|Any CPU
		{64E96C9E-DC2A-4456-852E-FCCB7C32E455}.Release|Any CPU.Build.0 = Release|Any CPU
		{5DADF75E-89EA-472F-80D4-6A42331E5ADF}.Debug|Any CPU.ActiveCfg = Debug|Any CPU
		{5DADF75E-89EA-472F-80D4-6A42331E5ADF}.Debug|Any CPU.Build.0 = Debug|Any CPU
		{5DADF75E-89EA-472F-80D4-6A42331E5ADF}.Release|Any CPU.ActiveCfg = Release|Any CPU
		{5DADF75E-89EA-472F-80D4-6A42331E5ADF}.Release|Any CPU.Build.0 = Release|Any CPU
		{FF856D0B-0AF7-413C-9D97-D89C8A0085FF}.Debug|Any CPU.ActiveCfg = Debug|Any CPU
		{FF856D0B-0AF7-413C-9D97-D89C8A0085FF}.Debug|Any CPU.Build.0 = Debug|Any CPU
		{FF856D0B-0AF7-413C-9D97-D89C8A0085FF}.Release|Any CPU.ActiveCfg = Release|Any CPU
		{FF856D0B-0AF7-413C-9D97-D89C8A0085FF}.Release|Any CPU.Build.0 = Release|Any CPU
	EndGlobalSection
	GlobalSection(SolutionProperties) = preSolution
		HideSolutionNode = FALSE
	EndGlobalSection
	GlobalSection(NestedProjects) = preSolution
		{58C46446-CD8E-40F2-9510-9D450F5DEB19} = {8823042A-7C11-420D-8D17-DB1574B9050C}
		{4840FC0F-3213-4B4C-B3F3-05A42AFE47C7} = {8823042A-7C11-420D-8D17-DB1574B9050C}
		{9BC7D93C-CC67-434B-ACB9-93E1CE7CAD54} = {C5FC68DA-A937-4316-9FAE-4A39922A2B7B}
		{F0AE6B14-BA4A-44FA-AF8F-3274372868E8} = {4840FC0F-3213-4B4C-B3F3-05A42AFE47C7}
		{0FCB23E8-88C3-4BB3-A6B8-56F7FB34F8B0} = {4840FC0F-3213-4B4C-B3F3-05A42AFE47C7}
		{02BE3830-0740-42BF-8F5C-CE5EE680F5A8} = {4840FC0F-3213-4B4C-B3F3-05A42AFE47C7}
		{4923750A-B641-464D-893D-F47AE9CB76AA} = {4840FC0F-3213-4B4C-B3F3-05A42AFE47C7}
		{83D357B0-F61D-4883-A8D2-BD8B92AA2011} = {4840FC0F-3213-4B4C-B3F3-05A42AFE47C7}
		{9BEFE299-2DA3-4567-B539-49B2BEC0433F} = {58C46446-CD8E-40F2-9510-9D450F5DEB19}
		{64E96C9E-DC2A-4456-852E-FCCB7C32E455} = {58C46446-CD8E-40F2-9510-9D450F5DEB19}
		{5DADF75E-89EA-472F-80D4-6A42331E5ADF} = {58C46446-CD8E-40F2-9510-9D450F5DEB19}
		{FF856D0B-0AF7-413C-9D97-D89C8A0085FF} = {58C46446-CD8E-40F2-9510-9D450F5DEB19}
	EndGlobalSection
	GlobalSection(ExtensibilityGlobals) = postSolution
		SolutionGuid = {4A98E866-D8D0-4EA6-9B88-C5A245763B2A}
	EndGlobalSection
EndGlobal
