
Microsoft Visual Studio Solution File, Format Version 12.00
# Visual Studio Version 16
VisualStudioVersion = 16.0.30320.27
MinimumVisualStudioVersion = 10.0.40219.1
Project("{2150E333-8FDC-42A3-9474-1A3956D46DE8}") = "AppCommon", "AppCommon", "{D5054A68-9518-412A-B09F-0AAB338995CE}"
EndProject
Project("{2150E333-8FDC-42A3-9474-1A3956D46DE8}") = "App", "App", "{8217EFEC-4A65-4B0F-986C-DA24906D7C6F}"
EndProject
Project("{FAE04EC0-301F-11D3-BF4B-00C04F79EFBC}") = "POS", "POS\POS.csproj", "{8AE2822C-FF49-4BBD-9FC1-3FD6EF054799}"
EndProject
Project("{2150E333-8FDC-42A3-9474-1A3956D46DE8}") = "Framework", "Framework", "{67009D81-961C-4FE7-9981-F02C3E8F0EB4}"
EndProject
Project("{2150E333-8FDC-42A3-9474-1A3956D46DE8}") = "WPF", "WPF", "{31250BF4-515E-4FAA-BAF1-C3F33E875E42}"
EndProject
Project("{9A19103F-16F7-4668-BE54-9A1E7A4F7556}") = "POS.Core", "POS.Logic\POS.Core.csproj", "{C3EEFB88-27A7-44CE-8374-CCC54F565EE0}"
EndProject
Project("{9A19103F-16F7-4668-BE54-9A1E7A4F7556}") = "POS.Infrastructure", "POS.Data\POS.Infrastructure.csproj", "{EB1E4242-853B-478F-A619-56DB740F9A01}"
EndProject
Project("{9A19103F-16F7-4668-BE54-9A1E7A4F7556}") = "POS.Test", "POS.Test\POS.Test.csproj", "{FBCFB87A-3144-4A25-AB23-05EFBF3682D3}"
EndProject
Project("{9A19103F-16F7-4668-BE54-9A1E7A4F7556}") = "Framework.Core", "..\..\AppDev_CommonLite\Framework\Framework.Core\Framework.Core.csproj", "{B02D468B-3B8C-44F3-A4CD-DB4F02D96483}"
EndProject
Project("{9A19103F-16F7-4668-BE54-9A1E7A4F7556}") = "Framework.Domain", "..\..\AppDev_CommonLite\Framework\Framework.Domain\Framework.Domain.csproj", "{273AE097-256C-41FA-9781-B7E5C3F3E5A2}"
EndProject
Project("{9A19103F-16F7-4668-BE54-9A1E7A4F7556}") = "Framework.Infrastructure", "..\..\AppDev_CommonLite\Framework\Framework.Infrastructure\Framework.Infrastructure.csproj", "{853EAA9B-3333-4D6D-B069-3E60E5E6E995}"
EndProject
Project("{9A19103F-16F7-4668-BE54-9A1E7A4F7556}") = "Framework.Infrastructure.Data", "..\..\AppDev_CommonLite\Framework\Framework.Infrastructure.Data\Framework.Infrastructure.Data.csproj", "{1CE2F029-23A2-4A54-B49D-1DED4DA874D5}"
EndProject
Project("{9A19103F-16F7-4668-BE54-9A1E7A4F7556}") = "Framework.Infrastructure.Identity", "..\..\AppDev_CommonLite\Framework\Framework.Infrastructure.Identity\Framework.Infrastructure.Identity.csproj", "{2F98E69D-D2F5-4787-8EE0-F58DC83564AD}"
EndProject
Project("{9A19103F-16F7-4668-BE54-9A1E7A4F7556}") = "Framework.WPF", "..\..\AppDev_CommonLite\Framework\WPF\Framework.WPF\Framework.WPF.csproj", "{C599192D-4B0E-4D24-B47A-0496BB100167}"
EndProject
Project("{9A19103F-16F7-4668-BE54-9A1E7A4F7556}") = "Framework.WPF.Modules", "..\..\AppDev_CommonLite\Framework\WPF\Framework.WPF.Modules\Framework.WPF.Modules.csproj", "{E254F578-0125-44CE-A548-C63CE0F3202A}"
EndProject
Project("{9A19103F-16F7-4668-BE54-9A1E7A4F7556}") = "Framework.WPF.UI", "..\..\AppDev_CommonLite\Framework\WPF\Framework.WPF.UI\Framework.WPF.UI.csproj", "{A2784189-3E46-491D-AE71-5A4B40C08F0F}"
EndProject
Project("{9A19103F-16F7-4668-BE54-9A1E7A4F7556}") = "Framework.WPF.UI.Theme", "..\..\AppDev_CommonLite\Framework\WPF\Framework.WPF.UI.Theme\Framework.WPF.UI.Theme.csproj", "{B81F100E-0B89-445E-A4AF-9ECE762A0551}"
EndProject
Global
	GlobalSection(SolutionConfigurationPlatforms) = preSolution
		Debug|Any CPU = Debug|Any CPU
		Release|Any CPU = Release|Any CPU
	EndGlobalSection
	GlobalSection(ProjectConfigurationPlatforms) = postSolution
		{8AE2822C-FF49-4BBD-9FC1-3FD6EF054799}.Debug|Any CPU.ActiveCfg = Debug|Any CPU
		{8AE2822C-FF49-4BBD-9FC1-3FD6EF054799}.Debug|Any CPU.Build.0 = Debug|Any CPU
		{8AE2822C-FF49-4BBD-9FC1-3FD6EF054799}.Release|Any CPU.ActiveCfg = Release|Any CPU
		{8AE2822C-FF49-4BBD-9FC1-3FD6EF054799}.Release|Any CPU.Build.0 = Release|Any CPU
		{C3EEFB88-27A7-44CE-8374-CCC54F565EE0}.Debug|Any CPU.ActiveCfg = Debug|Any CPU
		{C3EEFB88-27A7-44CE-8374-CCC54F565EE0}.Debug|Any CPU.Build.0 = Debug|Any CPU
		{C3EEFB88-27A7-44CE-8374-CCC54F565EE0}.Release|Any CPU.ActiveCfg = Release|Any CPU
		{C3EEFB88-27A7-44CE-8374-CCC54F565EE0}.Release|Any CPU.Build.0 = Release|Any CPU
		{EB1E4242-853B-478F-A619-56DB740F9A01}.Debug|Any CPU.ActiveCfg = Debug|Any CPU
		{EB1E4242-853B-478F-A619-56DB740F9A01}.Debug|Any CPU.Build.0 = Debug|Any CPU
		{EB1E4242-853B-478F-A619-56DB740F9A01}.Release|Any CPU.ActiveCfg = Release|Any CPU
		{EB1E4242-853B-478F-A619-56DB740F9A01}.Release|Any CPU.Build.0 = Release|Any CPU
		{FBCFB87A-3144-4A25-AB23-05EFBF3682D3}.Debug|Any CPU.ActiveCfg = Debug|Any CPU
		{FBCFB87A-3144-4A25-AB23-05EFBF3682D3}.Debug|Any CPU.Build.0 = Debug|Any CPU
		{FBCFB87A-3144-4A25-AB23-05EFBF3682D3}.Release|Any CPU.ActiveCfg = Release|Any CPU
		{FBCFB87A-3144-4A25-AB23-05EFBF3682D3}.Release|Any CPU.Build.0 = Release|Any CPU
		{B02D468B-3B8C-44F3-A4CD-DB4F02D96483}.Debug|Any CPU.ActiveCfg = Debug|Any CPU
		{B02D468B-3B8C-44F3-A4CD-DB4F02D96483}.Debug|Any CPU.Build.0 = Debug|Any CPU
		{B02D468B-3B8C-44F3-A4CD-DB4F02D96483}.Release|Any CPU.ActiveCfg = Release|Any CPU
		{B02D468B-3B8C-44F3-A4CD-DB4F02D96483}.Release|Any CPU.Build.0 = Release|Any CPU
		{273AE097-256C-41FA-9781-B7E5C3F3E5A2}.Debug|Any CPU.ActiveCfg = Debug|Any CPU
		{273AE097-256C-41FA-9781-B7E5C3F3E5A2}.Debug|Any CPU.Build.0 = Debug|Any CPU
		{273AE097-256C-41FA-9781-B7E5C3F3E5A2}.Release|Any CPU.ActiveCfg = Release|Any CPU
		{273AE097-256C-41FA-9781-B7E5C3F3E5A2}.Release|Any CPU.Build.0 = Release|Any CPU
		{853EAA9B-3333-4D6D-B069-3E60E5E6E995}.Debug|Any CPU.ActiveCfg = Debug|Any CPU
		{853EAA9B-3333-4D6D-B069-3E60E5E6E995}.Debug|Any CPU.Build.0 = Debug|Any CPU
		{853EAA9B-3333-4D6D-B069-3E60E5E6E995}.Release|Any CPU.ActiveCfg = Release|Any CPU
		{853EAA9B-3333-4D6D-B069-3E60E5E6E995}.Release|Any CPU.Build.0 = Release|Any CPU
		{1CE2F029-23A2-4A54-B49D-1DED4DA874D5}.Debug|Any CPU.ActiveCfg = Debug|Any CPU
		{1CE2F029-23A2-4A54-B49D-1DED4DA874D5}.Debug|Any CPU.Build.0 = Debug|Any CPU
		{1CE2F029-23A2-4A54-B49D-1DED4DA874D5}.Release|Any CPU.ActiveCfg = Release|Any CPU
		{1CE2F029-23A2-4A54-B49D-1DED4DA874D5}.Release|Any CPU.Build.0 = Release|Any CPU
		{2F98E69D-D2F5-4787-8EE0-F58DC83564AD}.Debug|Any CPU.ActiveCfg = Debug|Any CPU
		{2F98E69D-D2F5-4787-8EE0-F58DC83564AD}.Debug|Any CPU.Build.0 = Debug|Any CPU
		{2F98E69D-D2F5-4787-8EE0-F58DC83564AD}.Release|Any CPU.ActiveCfg = Release|Any CPU
		{2F98E69D-D2F5-4787-8EE0-F58DC83564AD}.Release|Any CPU.Build.0 = Release|Any CPU
		{C599192D-4B0E-4D24-B47A-0496BB100167}.Debug|Any CPU.ActiveCfg = Debug|Any CPU
		{C599192D-4B0E-4D24-B47A-0496BB100167}.Debug|Any CPU.Build.0 = Debug|Any CPU
		{C599192D-4B0E-4D24-B47A-0496BB100167}.Release|Any CPU.ActiveCfg = Release|Any CPU
		{C599192D-4B0E-4D24-B47A-0496BB100167}.Release|Any CPU.Build.0 = Release|Any CPU
		{E254F578-0125-44CE-A548-C63CE0F3202A}.Debug|Any CPU.ActiveCfg = Debug|Any CPU
		{E254F578-0125-44CE-A548-C63CE0F3202A}.Debug|Any CPU.Build.0 = Debug|Any CPU
		{E254F578-0125-44CE-A548-C63CE0F3202A}.Release|Any CPU.ActiveCfg = Release|Any CPU
		{E254F578-0125-44CE-A548-C63CE0F3202A}.Release|Any CPU.Build.0 = Release|Any CPU
		{A2784189-3E46-491D-AE71-5A4B40C08F0F}.Debug|Any CPU.ActiveCfg = Debug|Any CPU
		{A2784189-3E46-491D-AE71-5A4B40C08F0F}.Debug|Any CPU.Build.0 = Debug|Any CPU
		{A2784189-3E46-491D-AE71-5A4B40C08F0F}.Release|Any CPU.ActiveCfg = Release|Any CPU
		{A2784189-3E46-491D-AE71-5A4B40C08F0F}.Release|Any CPU.Build.0 = Release|Any CPU
		{B81F100E-0B89-445E-A4AF-9ECE762A0551}.Debug|Any CPU.ActiveCfg = Debug|Any CPU
		{B81F100E-0B89-445E-A4AF-9ECE762A0551}.Debug|Any CPU.Build.0 = Debug|Any CPU
		{B81F100E-0B89-445E-A4AF-9ECE762A0551}.Release|Any CPU.ActiveCfg = Release|Any CPU
		{B81F100E-0B89-445E-A4AF-9ECE762A0551}.Release|Any CPU.Build.0 = Release|Any CPU
	EndGlobalSection
	GlobalSection(SolutionProperties) = preSolution
		HideSolutionNode = FALSE
	EndGlobalSection
	GlobalSection(NestedProjects) = preSolution
		{8AE2822C-FF49-4BBD-9FC1-3FD6EF054799} = {8217EFEC-4A65-4B0F-986C-DA24906D7C6F}
		{67009D81-961C-4FE7-9981-F02C3E8F0EB4} = {D5054A68-9518-412A-B09F-0AAB338995CE}
		{31250BF4-515E-4FAA-BAF1-C3F33E875E42} = {D5054A68-9518-412A-B09F-0AAB338995CE}
		{C3EEFB88-27A7-44CE-8374-CCC54F565EE0} = {8217EFEC-4A65-4B0F-986C-DA24906D7C6F}
		{EB1E4242-853B-478F-A619-56DB740F9A01} = {8217EFEC-4A65-4B0F-986C-DA24906D7C6F}
		{FBCFB87A-3144-4A25-AB23-05EFBF3682D3} = {8217EFEC-4A65-4B0F-986C-DA24906D7C6F}
		{B02D468B-3B8C-44F3-A4CD-DB4F02D96483} = {67009D81-961C-4FE7-9981-F02C3E8F0EB4}
		{273AE097-256C-41FA-9781-B7E5C3F3E5A2} = {67009D81-961C-4FE7-9981-F02C3E8F0EB4}
		{853EAA9B-3333-4D6D-B069-3E60E5E6E995} = {67009D81-961C-4FE7-9981-F02C3E8F0EB4}
		{1CE2F029-23A2-4A54-B49D-1DED4DA874D5} = {67009D81-961C-4FE7-9981-F02C3E8F0EB4}
		{2F98E69D-D2F5-4787-8EE0-F58DC83564AD} = {67009D81-961C-4FE7-9981-F02C3E8F0EB4}
		{C599192D-4B0E-4D24-B47A-0496BB100167} = {31250BF4-515E-4FAA-BAF1-C3F33E875E42}
		{E254F578-0125-44CE-A548-C63CE0F3202A} = {31250BF4-515E-4FAA-BAF1-C3F33E875E42}
		{A2784189-3E46-491D-AE71-5A4B40C08F0F} = {31250BF4-515E-4FAA-BAF1-C3F33E875E42}
		{B81F100E-0B89-445E-A4AF-9ECE762A0551} = {31250BF4-515E-4FAA-BAF1-C3F33E875E42}
	EndGlobalSection
	GlobalSection(ExtensibilityGlobals) = postSolution
		SolutionGuid = {A47E50E5-6788-4125-A865-44EB593E3002}
	EndGlobalSection
EndGlobal
