
Microsoft Visual Studio Solution File, Format Version 11.00
# Visual Studio 2010
Project("{54435603-DBB4-11D2-8724-00A0C9A8B90C}") = "LRAccountSetup", "LRAccountSetup\LRAccountSetup.vdproj", "{8F1301A4-0A56-440E-9797-7E92D4300D9C}"
EndProject
Global
	GlobalSection(SolutionConfigurationPlatforms) = preSolution
		Debug|Default = Debug|Default
		Release|Default = Release|Default
	EndGlobalSection
	GlobalSection(ProjectConfigurationPlatforms) = postSolution
		{8F1301A4-0A56-440E-9797-7E92D4300D9C}.Debug|Default.ActiveCfg = Debug
		{8F1301A4-0A56-440E-9797-7E92D4300D9C}.Debug|Default.Build.0 = Debug
		{8F1301A4-0A56-440E-9797-7E92D4300D9C}.Release|Default.ActiveCfg = Release
		{8F1301A4-0A56-440E-9797-7E92D4300D9C}.Release|Default.Build.0 = Release
	EndGlobalSection
	GlobalSection(SolutionProperties) = preSolution
		HideSolutionNode = FALSE
	EndGlobalSection
EndGlobal
